
Microsoft Visual Studio Solution File, Format Version 12.00
# Visual Studio Version 16
VisualStudioVersion = 16.0.33328.57
MinimumVisualStudioVersion = 10.0.40219.1
Project("{FAE04EC0-301F-11D3-BF4B-00C04F79EFBC}") = "LibraryWpf", "LibraryWpf\LibraryWpf.csproj", "{DD856970-EF0C-4231-9091-9B32A264D42C}"
EndProject
Global
	GlobalSection(SolutionConfigurationPlatforms) = preSolution
		Debug|Any CPU = Debug|Any CPU
		Release|Any CPU = Release|Any CPU
	EndGlobalSection
	GlobalSection(ProjectConfigurationPlatforms) = postSolution
		{DD856970-EF0C-4231-9091-9B32A264D42C}.Debug|Any CPU.ActiveCfg = Debug|Any CPU
		{DD856970-EF0C-4231-9091-9B32A264D42C}.Debug|Any CPU.Build.0 = Debug|Any CPU
		{DD856970-EF0C-4231-9091-9B32A264D42C}.Release|Any CPU.ActiveCfg = Release|Any CPU
		{DD856970-EF0C-4231-9091-9B32A264D42C}.Release|Any CPU.Build.0 = Release|Any CPU
	EndGlobalSection
	GlobalSection(SolutionProperties) = preSolution
		HideSolutionNode = FALSE
	EndGlobalSection
	GlobalSection(ExtensibilityGlobals) = postSolution
		SolutionGuid = {39FF37B9-C0BF-4B0E-B8DE-5B321903A860}
	EndGlobalSection
EndGlobal
